
Microsoft Visual Studio Solution File, Format Version 12.00
# Visual Studio 15
VisualStudioVersion = 15.0.27703.2042
MinimumVisualStudioVersion = 10.0.40219.1
Project("{2150E333-8FDC-42A3-9474-1A3956D46DE8}") = "ApplicationView", "ApplicationView", "{D0EF9169-B7FE-412F-91FC-BFD13BDD3E40}"
EndProject
Project("{FAE04EC0-301F-11D3-BF4B-00C04F79EFBC}") = "DIWinFormsView", "DIWinFormsView\DIWinFormsView.csproj", "{401B8F78-6076-4D67-89D8-ACA2EE4BE770}"
EndProject
Project("{2150E333-8FDC-42A3-9474-1A3956D46DE8}") = "Presentation", "Presentation", "{63F78D00-029B-417E-914E-73A0DDBF36DF}"
EndProject
Project("{2150E333-8FDC-42A3-9474-1A3956D46DE8}") = "Repositories", "Repositories", "{A70552EC-869D-4AB4-AA06-2354870BC025}"
EndProject
Project("{2150E333-8FDC-42A3-9474-1A3956D46DE8}") = "Services", "Services", "{C6A7FE57-DD49-4279-86E4-01189AE4D82F}"
EndProject
Project("{2150E333-8FDC-42A3-9474-1A3956D46DE8}") = "Shared", "Shared", "{B05D298E-9B4B-44FA-AA50-3461999468C8}"
EndProject
Project("{2150E333-8FDC-42A3-9474-1A3956D46DE8}") = "UnitTests", "UnitTests", "{39E74B5F-878A-42E3-A85D-90F96A76E692}"
EndProject
Project("{2150E333-8FDC-42A3-9474-1A3956D46DE8}") = "Application", "Application", "{61CBDC82-68CC-4DA6-AA61-5DB2C0E75B5C}"
EndProject
Project("{FAE04EC0-301F-11D3-BF4B-00C04F79EFBC}") = "ApplicatiobBootstraper", "ApplicatiobBootstraper\ApplicatiobBootstraper.csproj", "{7EBB2AA4-2EF6-440F-B51B-5E9C3DA12033}"
EndProject
Project("{FAE04EC0-301F-11D3-BF4B-00C04F79EFBC}") = "ViewModel.Interface", "ViewModel.Interface\ViewModel.Interface.csproj", "{3BA4559A-9DC0-42A0-A6C6-09915373D18A}"
EndProject
Project("{FAE04EC0-301F-11D3-BF4B-00C04F79EFBC}") = "ViewModelUnitTests", "ViewModelUnitTests\ViewModelUnitTests.csproj", "{F5E79641-32F7-4E88-9F12-A235CB3B96AD}"
EndProject
Project("{FAE04EC0-301F-11D3-BF4B-00C04F79EFBC}") = "Repository.Interface", "IRepository.Interface\Repository.Interface.csproj", "{5DC8426E-28A2-4A6F-BA84-E85B938761EA}"
EndProject
Project("{FAE04EC0-301F-11D3-BF4B-00C04F79EFBC}") = "ViewModel", "ViewModel\ViewModel.csproj", "{4475D238-2372-4F8B-AAC0-BDB23A2079C8}"
EndProject
Project("{FAE04EC0-301F-11D3-BF4B-00C04F79EFBC}") = "SqlRepository", "SqlRepository\SqlRepository.csproj", "{1BE07118-A77B-40FD-A860-5D4D8DB0F264}"
EndProject
Project("{FAE04EC0-301F-11D3-BF4B-00C04F79EFBC}") = "CSVRepository", "CSVRepository\CSVRepository.csproj", "{DD1D3D4B-9C09-44CB-9844-7A5E43C6D6C6}"
EndProject
Project("{FAE04EC0-301F-11D3-BF4B-00C04F79EFBC}") = "ServiceRepository", "ServiceRepository\ServiceRepository.csproj", "{F3423EE7-9E27-4BA5-8C6B-94F02737A0DC}"
EndProject
Global
	GlobalSection(SolutionConfigurationPlatforms) = preSolution
		Debug|Any CPU = Debug|Any CPU
		Release|Any CPU = Release|Any CPU
	EndGlobalSection
	GlobalSection(ProjectConfigurationPlatforms) = postSolution
		{401B8F78-6076-4D67-89D8-ACA2EE4BE770}.Debug|Any CPU.ActiveCfg = Debug|Any CPU
		{401B8F78-6076-4D67-89D8-ACA2EE4BE770}.Debug|Any CPU.Build.0 = Debug|Any CPU
		{401B8F78-6076-4D67-89D8-ACA2EE4BE770}.Release|Any CPU.ActiveCfg = Release|Any CPU
		{401B8F78-6076-4D67-89D8-ACA2EE4BE770}.Release|Any CPU.Build.0 = Release|Any CPU
		{7EBB2AA4-2EF6-440F-B51B-5E9C3DA12033}.Debug|Any CPU.ActiveCfg = Debug|Any CPU
		{7EBB2AA4-2EF6-440F-B51B-5E9C3DA12033}.Debug|Any CPU.Build.0 = Debug|Any CPU
		{7EBB2AA4-2EF6-440F-B51B-5E9C3DA12033}.Release|Any CPU.ActiveCfg = Release|Any CPU
		{7EBB2AA4-2EF6-440F-B51B-5E9C3DA12033}.Release|Any CPU.Build.0 = Release|Any CPU
		{3BA4559A-9DC0-42A0-A6C6-09915373D18A}.Debug|Any CPU.ActiveCfg = Debug|Any CPU
		{3BA4559A-9DC0-42A0-A6C6-09915373D18A}.Debug|Any CPU.Build.0 = Debug|Any CPU
		{3BA4559A-9DC0-42A0-A6C6-09915373D18A}.Release|Any CPU.ActiveCfg = Release|Any CPU
		{3BA4559A-9DC0-42A0-A6C6-09915373D18A}.Release|Any CPU.Build.0 = Release|Any CPU
		{F5E79641-32F7-4E88-9F12-A235CB3B96AD}.Debug|Any CPU.ActiveCfg = Debug|Any CPU
		{F5E79641-32F7-4E88-9F12-A235CB3B96AD}.Debug|Any CPU.Build.0 = Debug|Any CPU
		{F5E79641-32F7-4E88-9F12-A235CB3B96AD}.Release|Any CPU.ActiveCfg = Release|Any CPU
		{F5E79641-32F7-4E88-9F12-A235CB3B96AD}.Release|Any CPU.Build.0 = Release|Any CPU
		{5DC8426E-28A2-4A6F-BA84-E85B938761EA}.Debug|Any CPU.ActiveCfg = Debug|Any CPU
		{5DC8426E-28A2-4A6F-BA84-E85B938761EA}.Debug|Any CPU.Build.0 = Debug|Any CPU
		{5DC8426E-28A2-4A6F-BA84-E85B938761EA}.Release|Any CPU.ActiveCfg = Release|Any CPU
		{5DC8426E-28A2-4A6F-BA84-E85B938761EA}.Release|Any CPU.Build.0 = Release|Any CPU
		{4475D238-2372-4F8B-AAC0-BDB23A2079C8}.Debug|Any CPU.ActiveCfg = Debug|Any CPU
		{4475D238-2372-4F8B-AAC0-BDB23A2079C8}.Debug|Any CPU.Build.0 = Debug|Any CPU
		{4475D238-2372-4F8B-AAC0-BDB23A2079C8}.Release|Any CPU.ActiveCfg = Release|Any CPU
		{4475D238-2372-4F8B-AAC0-BDB23A2079C8}.Release|Any CPU.Build.0 = Release|Any CPU
		{1BE07118-A77B-40FD-A860-5D4D8DB0F264}.Debug|Any CPU.ActiveCfg = Debug|Any CPU
		{1BE07118-A77B-40FD-A860-5D4D8DB0F264}.Debug|Any CPU.Build.0 = Debug|Any CPU
		{1BE07118-A77B-40FD-A860-5D4D8DB0F264}.Release|Any CPU.ActiveCfg = Release|Any CPU
		{1BE07118-A77B-40FD-A860-5D4D8DB0F264}.Release|Any CPU.Build.0 = Release|Any CPU
		{DD1D3D4B-9C09-44CB-9844-7A5E43C6D6C6}.Debug|Any CPU.ActiveCfg = Debug|Any CPU
		{DD1D3D4B-9C09-44CB-9844-7A5E43C6D6C6}.Debug|Any CPU.Build.0 = Debug|Any CPU
		{DD1D3D4B-9C09-44CB-9844-7A5E43C6D6C6}.Release|Any CPU.ActiveCfg = Release|Any CPU
		{DD1D3D4B-9C09-44CB-9844-7A5E43C6D6C6}.Release|Any CPU.Build.0 = Release|Any CPU
		{F3423EE7-9E27-4BA5-8C6B-94F02737A0DC}.Debug|Any CPU.ActiveCfg = Debug|Any CPU
		{F3423EE7-9E27-4BA5-8C6B-94F02737A0DC}.Debug|Any CPU.Build.0 = Debug|Any CPU
		{F3423EE7-9E27-4BA5-8C6B-94F02737A0DC}.Release|Any CPU.ActiveCfg = Release|Any CPU
		{F3423EE7-9E27-4BA5-8C6B-94F02737A0DC}.Release|Any CPU.Build.0 = Release|Any CPU
	EndGlobalSection
	GlobalSection(SolutionProperties) = preSolution
		HideSolutionNode = FALSE
	EndGlobalSection
	GlobalSection(NestedProjects) = preSolution
		{401B8F78-6076-4D67-89D8-ACA2EE4BE770} = {D0EF9169-B7FE-412F-91FC-BFD13BDD3E40}
		{7EBB2AA4-2EF6-440F-B51B-5E9C3DA12033} = {61CBDC82-68CC-4DA6-AA61-5DB2C0E75B5C}
		{3BA4559A-9DC0-42A0-A6C6-09915373D18A} = {63F78D00-029B-417E-914E-73A0DDBF36DF}
		{F5E79641-32F7-4E88-9F12-A235CB3B96AD} = {39E74B5F-878A-42E3-A85D-90F96A76E692}
		{5DC8426E-28A2-4A6F-BA84-E85B938761EA} = {A70552EC-869D-4AB4-AA06-2354870BC025}
		{4475D238-2372-4F8B-AAC0-BDB23A2079C8} = {63F78D00-029B-417E-914E-73A0DDBF36DF}
		{1BE07118-A77B-40FD-A860-5D4D8DB0F264} = {A70552EC-869D-4AB4-AA06-2354870BC025}
		{DD1D3D4B-9C09-44CB-9844-7A5E43C6D6C6} = {A70552EC-869D-4AB4-AA06-2354870BC025}
		{F3423EE7-9E27-4BA5-8C6B-94F02737A0DC} = {A70552EC-869D-4AB4-AA06-2354870BC025}
	EndGlobalSection
	GlobalSection(ExtensibilityGlobals) = postSolution
		SolutionGuid = {7C4062CA-CC49-4D5E-9524-4D248A541A5C}
	EndGlobalSection
EndGlobal
